
Microsoft Visual Studio Solution File, Format Version 12.00
# Visual Studio Version 16
VisualStudioVersion = 16.0.29209.152
MinimumVisualStudioVersion = 10.0.40219.1
Project("{FAE04EC0-301F-11D3-BF4B-00C04F79EFBC}") = "ReservatorClient", "ReservatorClient\ReservatorClient.csproj", "{93180DCB-3789-4F36-AF53-E401FC364C6B}"
EndProject
Global
	GlobalSection(SolutionConfigurationPlatforms) = preSolution
		Debug|Any CPU = Debug|Any CPU
		Release|Any CPU = Release|Any CPU
	EndGlobalSection
	GlobalSection(ProjectConfigurationPlatforms) = postSolution
		{93180DCB-3789-4F36-AF53-E401FC364C6B}.Debug|Any CPU.ActiveCfg = Debug|Any CPU
		{93180DCB-3789-4F36-AF53-E401FC364C6B}.Debug|Any CPU.Build.0 = Debug|Any CPU
		{93180DCB-3789-4F36-AF53-E401FC364C6B}.Release|Any CPU.ActiveCfg = Release|Any CPU
		{93180DCB-3789-4F36-AF53-E401FC364C6B}.Release|Any CPU.Build.0 = Release|Any CPU
	EndGlobalSection
	GlobalSection(SolutionProperties) = preSolution
		HideSolutionNode = FALSE
	EndGlobalSection
	GlobalSection(ExtensibilityGlobals) = postSolution
		SolutionGuid = {A9371C5D-F0F4-4211-A130-3B5E34FC1009}
	EndGlobalSection
EndGlobal
